
Microsoft Visual Studio Solution File, Format Version 10.00
# Visual C# Express 2008
Project("{FAE04EC0-301F-11D3-BF4B-00C04F79EFBC}") = "rpcj_pass", "rpcj_pass\rpcj_pass.csproj", "{AE4B45B0-0CA2-4133-AA48-FA47BBBE9338}"
EndProject
Global
	GlobalSection(SolutionConfigurationPlatforms) = preSolution
		Debug|Any CPU = Debug|Any CPU
		Release|Any CPU = Release|Any CPU
	EndGlobalSection
	GlobalSection(ProjectConfigurationPlatforms) = postSolution
		{AE4B45B0-0CA2-4133-AA48-FA47BBBE9338}.Debug|Any CPU.ActiveCfg = Debug|Any CPU
		{AE4B45B0-0CA2-4133-AA48-FA47BBBE9338}.Debug|Any CPU.Build.0 = Debug|Any CPU
		{AE4B45B0-0CA2-4133-AA48-FA47BBBE9338}.Release|Any CPU.ActiveCfg = Release|Any CPU
		{AE4B45B0-0CA2-4133-AA48-FA47BBBE9338}.Release|Any CPU.Build.0 = Release|Any CPU
	EndGlobalSection
	GlobalSection(SolutionProperties) = preSolution
		HideSolutionNode = FALSE
	EndGlobalSection
EndGlobal
